// !$*UTF8*$!
{
	archiveVersion = 1;
	classes = {
	};
	objectVersion = 50;
	objects = {

/* Begin PBXBuildFile section */
		D7651649239D3601000874FD /* AppDelegate.swift in Sources */ = {isa = PBXBuildFile; fileRef = D7651648239D3601000874FD /* AppDelegate.swift */; };
		D765164B239D3601000874FD /* NewsViewController.swift in Sources */ = {isa = PBXBuildFile; fileRef = D765164A239D3601000874FD /* NewsViewController.swift */; };
		D765164E239D3601000874FD /* Main.storyboard in Resources */ = {isa = PBXBuildFile; fileRef = D765164C239D3601000874FD /* Main.storyboard */; };
		D7651651239D3601000874FD /* TinkoffNews.xcdatamodeld in Sources */ = {isa = PBXBuildFile; fileRef = D765164F239D3601000874FD /* TinkoffNews.xcdatamodeld */; };
		D7651653239D3617000874FD /* Assets.xcassets in Resources */ = {isa = PBXBuildFile; fileRef = D7651652239D3617000874FD /* Assets.xcassets */; };
		D7651656239D3617000874FD /* LaunchScreen.storyboard in Resources */ = {isa = PBXBuildFile; fileRef = D7651654239D3617000874FD /* LaunchScreen.storyboard */; };
		D7651660239D3E86000874FD /* Article+CoreDataClass.swift in Sources */ = {isa = PBXBuildFile; fileRef = D765165E239D3E86000874FD /* Article+CoreDataClass.swift */; };
		D7651661239D3E86000874FD /* Article+CoreDataProperties.swift in Sources */ = {isa = PBXBuildFile; fileRef = D765165F239D3E86000874FD /* Article+CoreDataProperties.swift */; };
		D7651664239D6186000874FD /* ArticleViewController.swift in Sources */ = {isa = PBXBuildFile; fileRef = D7651663239D6186000874FD /* ArticleViewController.swift */; };
		D7651666239D6C38000874FD /* DatabaseController.swift in Sources */ = {isa = PBXBuildFile; fileRef = D7651665239D6C38000874FD /* DatabaseController.swift */; };
		D7651669239D6D81000874FD /* ArticleCodable.swift in Sources */ = {isa = PBXBuildFile; fileRef = D7651668239D6D81000874FD /* ArticleCodable.swift */; };
/* End PBXBuildFile section */

/* Begin PBXFileReference section */
		D7651645239D3600000874FD /* TinkoffNews.app */ = {isa = PBXFileReference; explicitFileType = wrapper.application; includeInIndex = 0; path = TinkoffNews.app; sourceTree = BUILT_PRODUCTS_DIR; };
		D7651648239D3601000874FD /* AppDelegate.swift */ = {isa = PBXFileReference; lastKnownFileType = sourcecode.swift; path = AppDelegate.swift; sourceTree = "<group>"; };
		D765164A239D3601000874FD /* NewsViewController.swift */ = {isa = PBXFileReference; lastKnownFileType = sourcecode.swift; path = NewsViewController.swift; sourceTree = "<group>"; };
		D765164D239D3601000874FD /* Base */ = {isa = PBXFileReference; lastKnownFileType = file.storyboard; name = Base; path = Base.lproj/Main.storyboard; sourceTree = "<group>"; };
		D7651650239D3601000874FD /* TinkoffNews.xcdatamodel */ = {isa = PBXFileReference; lastKnownFileType = wrapper.xcdatamodel; path = TinkoffNews.xcdatamodel; sourceTree = "<group>"; };
		D7651652239D3617000874FD /* Assets.xcassets */ = {isa = PBXFileReference; lastKnownFileType = folder.assetcatalog; path = Assets.xcassets; sourceTree = "<group>"; };
		D7651655239D3617000874FD /* Base */ = {isa = PBXFileReference; lastKnownFileType = file.storyboard; name = Base; path = Base.lproj/LaunchScreen.storyboard; sourceTree = "<group>"; };
		D7651657239D3617000874FD /* Info.plist */ = {isa = PBXFileReference; lastKnownFileType = text.plist.xml; path = Info.plist; sourceTree = "<group>"; };
		D765165E239D3E86000874FD /* Article+CoreDataClass.swift */ = {isa = PBXFileReference; lastKnownFileType = sourcecode.swift; path = "Article+CoreDataClass.swift"; sourceTree = "<group>"; };
		D765165F239D3E86000874FD /* Article+CoreDataProperties.swift */ = {isa = PBXFileReference; lastKnownFileType = sourcecode.swift; path = "Article+CoreDataProperties.swift"; sourceTree = "<group>"; };
		D7651663239D6186000874FD /* ArticleViewController.swift */ = {isa = PBXFileReference; lastKnownFileType = sourcecode.swift; path = ArticleViewController.swift; sourceTree = "<group>"; };
		D7651665239D6C38000874FD /* DatabaseController.swift */ = {isa = PBXFileReference; lastKnownFileType = sourcecode.swift; path = DatabaseController.swift; sourceTree = "<group>"; };
		D7651668239D6D81000874FD /* ArticleCodable.swift */ = {isa = PBXFileReference; lastKnownFileType = sourcecode.swift; path = ArticleCodable.swift; sourceTree = "<group>"; };
/* End PBXFileReference section */

/* Begin PBXFrameworksBuildPhase section */
		D7651642239D3600000874FD /* Frameworks */ = {
			isa = PBXFrameworksBuildPhase;
			buildActionMask = 2147483647;
			files = (
			);
			runOnlyForDeploymentPostprocessing = 0;
		};
/* End PBXFrameworksBuildPhase section */

/* Begin PBXGroup section */
		D765163C239D3600000874FD = {
			isa = PBXGroup;
			children = (
				D7651647239D3600000874FD /* TinkoffNews */,
				D7651646239D3600000874FD /* Products */,
			);
			sourceTree = "<group>";
		};
		D7651646239D3600000874FD /* Products */ = {
			isa = PBXGroup;
			children = (
				D7651645239D3600000874FD /* TinkoffNews.app */,
			);
			name = Products;
			sourceTree = "<group>";
		};
		D7651647239D3600000874FD /* TinkoffNews */ = {
			isa = PBXGroup;
			children = (
				D7651667239D6CF8000874FD /* Codable */,
				D7651662239D5FBB000874FD /* ViewControllers */,
				D765165D239D3E29000874FD /* CoreData */,
				D7651648239D3601000874FD /* AppDelegate.swift */,
				D765164C239D3601000874FD /* Main.storyboard */,
				D7651652239D3617000874FD /* Assets.xcassets */,
				D7651654239D3617000874FD /* LaunchScreen.storyboard */,
				D7651657239D3617000874FD /* Info.plist */,
				D765164F239D3601000874FD /* TinkoffNews.xcdatamodeld */,
			);
			path = TinkoffNews;
			sourceTree = "<group>";
		};
		D765165D239D3E29000874FD /* CoreData */ = {
			isa = PBXGroup;
			children = (
				D765165E239D3E86000874FD /* Article+CoreDataClass.swift */,
				D765165F239D3E86000874FD /* Article+CoreDataProperties.swift */,
				D7651665239D6C38000874FD /* DatabaseController.swift */,
			);
			path = CoreData;
			sourceTree = "<group>";
		};
		D7651662239D5FBB000874FD /* ViewControllers */ = {
			isa = PBXGroup;
			children = (
				D7651663239D6186000874FD /* ArticleViewController.swift */,
				D765164A239D3601000874FD /* NewsViewController.swift */,
			);
			path = ViewControllers;
			sourceTree = "<group>";
		};
		D7651667239D6CF8000874FD /* Codable */ = {
			isa = PBXGroup;
			children = (
				D7651668239D6D81000874FD /* ArticleCodable.swift */,
			);
			path = Codable;
			sourceTree = "<group>";
		};
/* End PBXGroup section */

/* Begin PBXNativeTarget section */
		D7651644239D3600000874FD /* TinkoffNews */ = {
			isa = PBXNativeTarget;
			buildConfigurationList = D765165A239D3617000874FD /* Build configuration list for PBXNativeTarget "TinkoffNews" */;
			buildPhases = (
				D7651641239D3600000874FD /* Sources */,
				D7651642239D3600000874FD /* Frameworks */,
				D7651643239D3600000874FD /* Resources */,
			);
			buildRules = (
			);
			dependencies = (
			);
			name = TinkoffNews;
			productName = TinkoffNews;
			productReference = D7651645239D3600000874FD /* TinkoffNews.app */;
			productType = "com.apple.product-type.application";
		};
/* End PBXNativeTarget section */

/* Begin PBXProject section */
		D765163D239D3600000874FD /* Project object */ = {
			isa = PBXProject;
			attributes = {
				LastSwiftUpdateCheck = 1030;
				LastUpgradeCheck = 1030;
				ORGANIZATIONNAME = Roman;
				TargetAttributes = {
					D7651644239D3600000874FD = {
						CreatedOnToolsVersion = 10.3;
					};
				};
			};
			buildConfigurationList = D7651640239D3600000874FD /* Build configuration list for PBXProject "TinkoffNews" */;
			compatibilityVersion = "Xcode 9.3";
			developmentRegion = en;
			hasScannedForEncodings = 0;
			knownRegions = (
				en,
				Base,
			);
			mainGroup = D765163C239D3600000874FD;
			productRefGroup = D7651646239D3600000874FD /* Products */;
			projectDirPath = "";
			projectRoot = "";
			targets = (
				D7651644239D3600000874FD /* TinkoffNews */,
			);
		};
/* End PBXProject section */

/* Begin PBXResourcesBuildPhase section */
		D7651643239D3600000874FD /* Resources */ = {
			isa = PBXResourcesBuildPhase;
			buildActionMask = 2147483647;
			files = (
				D7651656239D3617000874FD /* LaunchScreen.storyboard in Resources */,
				D7651653239D3617000874FD /* Assets.xcassets in Resources */,
				D765164E239D3601000874FD /* Main.storyboard in Resources */,
			);
			runOnlyForDeploymentPostprocessing = 0;
		};
/* End PBXResourcesBuildPhase section */

/* Begin PBXSourcesBuildPhase section */
		D7651641239D3600000874FD /* Sources */ = {
			isa = PBXSourcesBuildPhase;
			buildActionMask = 2147483647;
			files = (
				D7651651239D3601000874FD /* TinkoffNews.xcdatamodeld in Sources */,
				D7651664239D6186000874FD /* ArticleViewController.swift in Sources */,
				D7651661239D3E86000874FD /* Article+CoreDataProperties.swift in Sources */,
				D765164B239D3601000874FD /* NewsViewController.swift in Sources */,
				D7651660239D3E86000874FD /* Article+CoreDataClass.swift in Sources */,
				D7651669239D6D81000874FD /* ArticleCodable.swift in Sources */,
				D7651649239D3601000874FD /* AppDelegate.swift in Sources */,
				D7651666239D6C38000874FD /* DatabaseController.swift in Sources */,
			);
			runOnlyForDeploymentPostprocessing = 0;
		};
/* End PBXSourcesBuildPhase section */

/* Begin PBXVariantGroup section */
		D765164C239D3601000874FD /* Main.storyboard */ = {
			isa = PBXVariantGroup;
			children = (
				D765164D239D3601000874FD /* Base */,
			);
			name = Main.storyboard;
			sourceTree = "<group>";
		};
		D7651654239D3617000874FD /* LaunchScreen.storyboard */ = {
			isa = PBXVariantGroup;
			children = (
				D7651655239D3617000874FD /* Base */,
			);
			name = LaunchScreen.storyboard;
			sourceTree = "<group>";
		};
/* End PBXVariantGroup section */

/* Begin XCBuildConfiguration section */
		D7651658239D3617000874FD /* Debug */ = {
			isa = XCBuildConfiguration;
			buildSettings = {
				ALWAYS_SEARCH_USER_PATHS = NO;
				CLANG_ANALYZER_NONNULL = YES;
				CLANG_ANALYZER_NUMBER_OBJECT_CONVERSION = YES_AGGRESSIVE;
				CLANG_CXX_LANGUAGE_STANDARD = "gnu++14";
				CLANG_CXX_LIBRARY = "libc++";
				CLANG_ENABLE_MODULES = YES;
				CLANG_ENABLE_OBJC_ARC = YES;
				CLANG_ENABLE_OBJC_WEAK = YES;
				CLANG_WARN_BLOCK_CAPTURE_AUTORELEASING = YES;
				CLANG_WARN_BOOL_CONVERSION = YES;
				CLANG_WARN_COMMA = YES;
				CLANG_WARN_CONSTANT_CONVERSION = YES;
				CLANG_WARN_DEPRECATED_OBJC_IMPLEMENTATIONS = YES;
				CLANG_WARN_DIRECT_OBJC_ISA_USAGE = YES_ERROR;
				CLANG_WARN_DOCUMENTATION_COMMENTS = YES;
				CLANG_WARN_EMPTY_BODY = YES;
				CLANG_WARN_ENUM_CONVERSION = YES;
				CLANG_WARN_INFINITE_RECURSION = YES;
				CLANG_WARN_INT_CONVERSION = YES;
				CLANG_WARN_NON_LITERAL_NULL_CONVERSION = YES;
				CLANG_WARN_OBJC_IMPLICIT_RETAIN_SELF = YES;
				CLANG_WARN_OBJC_LITERAL_CONVERSION = YES;
				CLANG_WARN_OBJC_ROOT_CLASS = YES_ERROR;
				CLANG_WARN_RANGE_LOOP_ANALYSIS = YES;
				CLANG_WARN_STRICT_PROTOTYPES = YES;
				CLANG_WARN_SUSPICIOUS_MOVE = YES;
				CLANG_WARN_UNGUARDED_AVAILABILITY = YES_AGGRESSIVE;
				CLANG_WARN_UNREACHABLE_CODE = YES;
				CLANG_WARN__DUPLICATE_METHOD_MATCH = YES;
				CODE_SIGN_IDENTITY = "iPhone Developer";
				COPY_PHASE_STRIP = NO;
				DEBUG_INFORMATION_FORMAT = dwarf;
				ENABLE_STRICT_OBJC_MSGSEND = YES;
				ENABLE_TESTABILITY = YES;
				GCC_C_LANGUAGE_STANDARD = gnu11;
				GCC_DYNAMIC_NO_PIC = NO;
				GCC_NO_COMMON_BLOCKS = YES;
				GCC_OPTIMIZATION_LEVEL = 0;
				GCC_PREPROCESSOR_DEFINITIONS = (
					"DEBUG=1",
					"$(inherited)",
				);
				GCC_WARN_64_TO_32_BIT_CONVERSION = YES;
				GCC_WARN_ABOUT_RETURN_TYPE = YES_ERROR;
				GCC_WARN_UNDECLARED_SELECTOR = YES;
				GCC_WARN_UNINITIALIZED_AUTOS = YES_AGGRESSIVE;
				GCC_WARN_UNUSED_FUNCTION = YES;
				GCC_WARN_UNUSED_VARIABLE = YES;
				IPHONEOS_DEPLOYMENT_TARGET = 12.4;
				MTL_ENABLE_DEBUG_INFO = INCLUDE_SOURCE;
				MTL_FAST_MATH = YES;
				ONLY_ACTIVE_ARCH = YES;
				SDKROOT = iphoneos;
				SWIFT_ACTIVE_COMPILATION_CONDITIONS = DEBUG;
				SWIFT_OPTIMIZATION_LEVEL = "-Onone";
			};
			name = Debug;
		};
		D7651659239D3617000874FD /* Release */ = {
			isa = XCBuildConfiguration;
			buildSettings = {
				ALWAYS_SEARCH_USER_PATHS = NO;
				CLANG_ANALYZER_NONNULL = YES;
				CLANG_ANALYZER_NUMBER_OBJECT_CONVERSION = YES_AGGRESSIVE;
				CLANG_CXX_LANGUAGE_STANDARD = "gnu++14";
				CLANG_CXX_LIBRARY = "libc++";
				CLANG_ENABLE_MODULES = YES;
				CLANG_ENABLE_OBJC_ARC = YES;
				CLANG_ENABLE_OBJC_WEAK = YES;
				CLANG_WARN_BLOCK_CAPTURE_AUTORELEASING = YES;
				CLANG_WARN_BOOL_CONVERSION = YES;
				CLANG_WARN_COMMA = YES;
				CLANG_WARN_CONSTANT_CONVERSION = YES;
				CLANG_WARN_DEPRECATED_OBJC_IMPLEMENTATIONS = YES;
				CLANG_WARN_DIRECT_OBJC_ISA_USAGE = YES_ERROR;
				CLANG_WARN_DOCUMENTATION_COMMENTS = YES;
				CLANG_WARN_EMPTY_BODY = YES;
				CLANG_WARN_ENUM_CONVERSION = YES;
				CLANG_WARN_INFINITE_RECURSION = YES;
				CLANG_WARN_INT_CONVERSION = YES;
				CLANG_WARN_NON_LITERAL_NULL_CONVERSION = YES;
				CLANG_WARN_OBJC_IMPLICIT_RETAIN_SELF = YES;
				CLANG_WARN_OBJC_LITERAL_CONVERSION = YES;
				CLANG_WARN_OBJC_ROOT_CLASS = YES_ERROR;
				CLANG_WARN_RANGE_LOOP_ANALYSIS = YES;
				CLANG_WARN_STRICT_PROTOTYPES = YES;
				CLANG_WARN_SUSPICIOUS_MOVE = YES;
				CLANG_WARN_UNGUARDED_AVAILABILITY = YES_AGGRESSIVE;
				CLANG_WARN_UNREACHABLE_CODE = YES;
				CLANG_WARN__DUPLICATE_METHOD_MATCH = YES;
				CODE_SIGN_IDENTITY = "iPhone Developer";
				COPY_PHASE_STRIP = NO;
				DEBUG_INFORMATION_FORMAT = "dwarf-with-dsym";
				ENABLE_NS_ASSERTIONS = NO;
				ENABLE_STRICT_OBJC_MSGSEND = YES;
				GCC_C_LANGUAGE_STANDARD = gnu11;
				GCC_NO_COMMON_BLOCKS = YES;
				GCC_WARN_64_TO_32_BIT_CONVERSION = YES;
				GCC_WARN_ABOUT_RETURN_TYPE = YES_ERROR;
				GCC_WARN_UNDECLARED_SELECTOR = YES;
				GCC_WARN_UNINITIALIZED_AUTOS = YES_AGGRESSIVE;
				GCC_WARN_UNUSED_FUNCTION = YES;
				GCC_WARN_UNUSED_VARIABLE = YES;
				IPHONEOS_DEPLOYMENT_TARGET = 12.4;
				MTL_ENABLE_DEBUG_INFO = NO;
				MTL_FAST_MATH = YES;
				SDKROOT = iphoneos;
				SWIFT_COMPILATION_MODE = wholemodule;
				SWIFT_OPTIMIZATION_LEVEL = "-O";
				VALIDATE_PRODUCT = YES;
			};
			name = Release;
		};
		D765165B239D3617000874FD /* Debug */ = {
			isa = XCBuildConfiguration;
			buildSettings = {
				ASSETCATALOG_COMPILER_APPICON_NAME = AppIcon;
				CODE_SIGN_STYLE = Automatic;
				INFOPLIST_FILE = TinkoffNews/Info.plist;
				LD_RUNPATH_SEARCH_PATHS = (
					"$(inherited)",
					"@executable_path/Frameworks",
				);
				PRODUCT_BUNDLE_IDENTIFIER = com.Romart.TinkoffNews;
				PRODUCT_NAME = "$(TARGET_NAME)";
				SWIFT_VERSION = 5.0;
				TARGETED_DEVICE_FAMILY = "1,2";
			};
			name = Debug;
		};
		D765165C239D3617000874FD /* Release */ = {
			isa = XCBuildConfiguration;
			buildSettings = {
				ASSETCATALOG_COMPILER_APPICON_NAME = AppIcon;
				CODE_SIGN_STYLE = Automatic;
				INFOPLIST_FILE = TinkoffNews/Info.plist;
				LD_RUNPATH_SEARCH_PATHS = (
					"$(inherited)",
					"@executable_path/Frameworks",
				);
				PRODUCT_BUNDLE_IDENTIFIER = com.Romart.TinkoffNews;
				PRODUCT_NAME = "$(TARGET_NAME)";
				SWIFT_VERSION = 5.0;
				TARGETED_DEVICE_FAMILY = "1,2";
			};
			name = Release;
		};
/* End XCBuildConfiguration section */

/* Begin XCConfigurationList section */
		D7651640239D3600000874FD /* Build configuration list for PBXProject "TinkoffNews" */ = {
			isa = XCConfigurationList;
			buildConfigurations = (
				D7651658239D3617000874FD /* Debug */,
				D7651659239D3617000874FD /* Release */,
			);
			defaultConfigurationIsVisible = 0;
			defaultConfigurationName = Release;
		};
		D765165A239D3617000874FD /* Build configuration list for PBXNativeTarget "TinkoffNews" */ = {
			isa = XCConfigurationList;
			buildConfigurations = (
				D765165B239D3617000874FD /* Debug */,
				D765165C239D3617000874FD /* Release */,
			);
			defaultConfigurationIsVisible = 0;
			defaultConfigurationName = Release;
		};
/* End XCConfigurationList section */

/* Begin XCVersionGroup section */
		D765164F239D3601000874FD /* TinkoffNews.xcdatamodeld */ = {
			isa = XCVersionGroup;
			children = (
				D7651650239D3601000874FD /* TinkoffNews.xcdatamodel */,
			);
			currentVersion = D7651650239D3601000874FD /* TinkoffNews.xcdatamodel */;
			path = TinkoffNews.xcdatamodeld;
			sourceTree = "<group>";
			versionGroupType = wrapper.xcdatamodel;
		};
/* End XCVersionGroup section */
	};
	rootObject = D765163D239D3600000874FD /* Project object */;
}
